
Microsoft Visual Studio Solution File, Format Version 12.00
# Visual Studio 15
VisualStudioVersion = 15.0.28307.106
MinimumVisualStudioVersion = 10.0.40219.1
Project("{8BC9CEB8-8B4A-11D0-8D11-00A0C91BC942}") = "Kljucni koncepti OOP", "Kljucni koncepti OOP.vcxproj", "{D3A4ECB2-0BCB-49E5-AC7E-2C5248ECAD4B}"
EndProject
Global
	GlobalSection(SolutionConfigurationPlatforms) = preSolution
		Debug|x64 = Debug|x64
		Debug|x86 = Debug|x86
		Release|x64 = Release|x64
		Release|x86 = Release|x86
	EndGlobalSection
	GlobalSection(ProjectConfigurationPlatforms) = postSolution
		{D3A4ECB2-0BCB-49E5-AC7E-2C5248ECAD4B}.Debug|x64.ActiveCfg = Debug|x64
		{D3A4ECB2-0BCB-49E5-AC7E-2C5248ECAD4B}.Debug|x64.Build.0 = Debug|x64
		{D3A4ECB2-0BCB-49E5-AC7E-2C5248ECAD4B}.Debug|x86.ActiveCfg = Debug|Win32
		{D3A4ECB2-0BCB-49E5-AC7E-2C5248ECAD4B}.Debug|x86.Build.0 = Debug|Win32
		{D3A4ECB2-0BCB-49E5-AC7E-2C5248ECAD4B}.Release|x64.ActiveCfg = Release|x64
		{D3A4ECB2-0BCB-49E5-AC7E-2C5248ECAD4B}.Release|x64.Build.0 = Release|x64
		{D3A4ECB2-0BCB-49E5-AC7E-2C5248ECAD4B}.Release|x86.ActiveCfg = Release|Win32
		{D3A4ECB2-0BCB-49E5-AC7E-2C5248ECAD4B}.Release|x86.Build.0 = Release|Win32
	EndGlobalSection
	GlobalSection(SolutionProperties) = preSolution
		HideSolutionNode = FALSE
	EndGlobalSection
	GlobalSection(ExtensibilityGlobals) = postSolution
		SolutionGuid = {093B8467-C054-4C93-8B1B-96F98BF3DF37}
	EndGlobalSection
EndGlobal
